
Microsoft Visual Studio Solution File, Format Version 12.00
# Visual Studio Version 17
VisualStudioVersion = 17.2.32519.379
MinimumVisualStudioVersion = 10.0.40219.1
Project("{FAE04EC0-301F-11D3-BF4B-00C04F79EFBC}") = "aspnet-mvc", "aspnet-mvc\aspnet-mvc.csproj", "{93DACA4F-8BF7-4C05-8980-89B0B2A18F3F}"
EndProject
Global
	GlobalSection(SolutionConfigurationPlatforms) = preSolution
		Debug|Any CPU = Debug|Any CPU
		Release|Any CPU = Release|Any CPU
	EndGlobalSection
	GlobalSection(ProjectConfigurationPlatforms) = postSolution
		{93DACA4F-8BF7-4C05-8980-89B0B2A18F3F}.Debug|Any CPU.ActiveCfg = Debug|Any CPU
		{93DACA4F-8BF7-4C05-8980-89B0B2A18F3F}.Debug|Any CPU.Build.0 = Debug|Any CPU
		{93DACA4F-8BF7-4C05-8980-89B0B2A18F3F}.Release|Any CPU.ActiveCfg = Release|Any CPU
		{93DACA4F-8BF7-4C05-8980-89B0B2A18F3F}.Release|Any CPU.Build.0 = Release|Any CPU
	EndGlobalSection
	GlobalSection(SolutionProperties) = preSolution
		HideSolutionNode = FALSE
	EndGlobalSection
	GlobalSection(ExtensibilityGlobals) = postSolution
		SolutionGuid = {B1D8D6A6-0BBE-4B00-9409-4116133E881E}
	EndGlobalSection
EndGlobal
